
Microsoft Visual Studio Solution File, Format Version 12.00
# Visual Studio Version 17
VisualStudioVersion = 17.3.32922.545
MinimumVisualStudioVersion = 10.0.40219.1
Project("{9A19103F-16F7-4668-BE54-9A1E7A4F7556}") = "Files-cloud-manager.Server", "Files-cloud-manager.Server\Files-cloud-manager.Server.csproj", "{8068A802-A102-4C88-8F64-0B0DF461FFE5}"
EndProject
Project("{9A19103F-16F7-4668-BE54-9A1E7A4F7556}") = "Files-cloud-manager.Client", "Files-cloud-manager.Client\Files-cloud-manager.Client.csproj", "{52F05FAA-33AC-4A23-BF65-EA749B5BEB06}"
EndProject
Project("{9A19103F-16F7-4668-BE54-9A1E7A4F7556}") = "Files-cloud-manager.Models", "Files-cloud-manager.Models\Files-cloud-manager.Models.csproj", "{77BA7FA2-82AA-45D5-8706-1E2775435ABF}"
EndProject
Project("{FAE04EC0-301F-11D3-BF4B-00C04F79EFBC}") = "FilesCloudAPIClient", "FilesCloudAPIClient\FilesCloudAPIClient.csproj", "{BAF0C88E-585E-48FC-80E2-C4FBC1992FEA}"
EndProject
Global
	GlobalSection(SolutionConfigurationPlatforms) = preSolution
		Debug|Any CPU = Debug|Any CPU
		Release|Any CPU = Release|Any CPU
	EndGlobalSection
	GlobalSection(ProjectConfigurationPlatforms) = postSolution
		{8068A802-A102-4C88-8F64-0B0DF461FFE5}.Debug|Any CPU.ActiveCfg = Debug|Any CPU
		{8068A802-A102-4C88-8F64-0B0DF461FFE5}.Debug|Any CPU.Build.0 = Debug|Any CPU
		{8068A802-A102-4C88-8F64-0B0DF461FFE5}.Release|Any CPU.ActiveCfg = Release|Any CPU
		{8068A802-A102-4C88-8F64-0B0DF461FFE5}.Release|Any CPU.Build.0 = Release|Any CPU
		{52F05FAA-33AC-4A23-BF65-EA749B5BEB06}.Debug|Any CPU.ActiveCfg = Debug|Any CPU
		{52F05FAA-33AC-4A23-BF65-EA749B5BEB06}.Debug|Any CPU.Build.0 = Debug|Any CPU
		{52F05FAA-33AC-4A23-BF65-EA749B5BEB06}.Release|Any CPU.ActiveCfg = Release|Any CPU
		{52F05FAA-33AC-4A23-BF65-EA749B5BEB06}.Release|Any CPU.Build.0 = Release|Any CPU
		{77BA7FA2-82AA-45D5-8706-1E2775435ABF}.Debug|Any CPU.ActiveCfg = Debug|Any CPU
		{77BA7FA2-82AA-45D5-8706-1E2775435ABF}.Debug|Any CPU.Build.0 = Debug|Any CPU
		{77BA7FA2-82AA-45D5-8706-1E2775435ABF}.Release|Any CPU.ActiveCfg = Release|Any CPU
		{77BA7FA2-82AA-45D5-8706-1E2775435ABF}.Release|Any CPU.Build.0 = Release|Any CPU
		{BAF0C88E-585E-48FC-80E2-C4FBC1992FEA}.Debug|Any CPU.ActiveCfg = Debug|Any CPU
		{BAF0C88E-585E-48FC-80E2-C4FBC1992FEA}.Debug|Any CPU.Build.0 = Debug|Any CPU
		{BAF0C88E-585E-48FC-80E2-C4FBC1992FEA}.Release|Any CPU.ActiveCfg = Release|Any CPU
		{BAF0C88E-585E-48FC-80E2-C4FBC1992FEA}.Release|Any CPU.Build.0 = Release|Any CPU
	EndGlobalSection
	GlobalSection(SolutionProperties) = preSolution
		HideSolutionNode = FALSE
	EndGlobalSection
	GlobalSection(ExtensibilityGlobals) = postSolution
		SolutionGuid = {760BFAF2-FC58-4FAB-9277-9EA8081179FF}
	EndGlobalSection
EndGlobal
